// !$*UTF8*$!
{
	archiveVersion = 1;
	classes = {
	};
	objectVersion = 56;
	objects = {

/* Begin PBXBuildFile section */
		E4709B1D2BD1780900130551 /* AppDelegate.swift in Sources */ = {isa = PBXBuildFile; fileRef = E4709B1C2BD1780900130551 /* AppDelegate.swift */; };
		E4709B212BD1780900130551 /* MainViewController.swift in Sources */ = {isa = PBXBuildFile; fileRef = E4709B202BD1780900130551 /* MainViewController.swift */; };
		E4709B262BD1780B00130551 /* Assets.xcassets in Resources */ = {isa = PBXBuildFile; fileRef = E4709B252BD1780B00130551 /* Assets.xcassets */; };
		E4709B292BD1780B00130551 /* LaunchScreen.storyboard in Resources */ = {isa = PBXBuildFile; fileRef = E4709B272BD1780B00130551 /* LaunchScreen.storyboard */; };
		E4709B342BD1786E00130551 /* AppCoordinator.swift in Sources */ = {isa = PBXBuildFile; fileRef = E4709B332BD1786E00130551 /* AppCoordinator.swift */; };
		E4709B372BD1789900130551 /* CoordinatorProtocol.swift in Sources */ = {isa = PBXBuildFile; fileRef = E4709B362BD1789900130551 /* CoordinatorProtocol.swift */; };
		E4709B392BD178B000130551 /* MainViewModel.swift in Sources */ = {isa = PBXBuildFile; fileRef = E4709B382BD178B000130551 /* MainViewModel.swift */; };
		E4709B3C2BD1795700130551 /* CollectionViewAdapter.swift in Sources */ = {isa = PBXBuildFile; fileRef = E4709B3B2BD1795700130551 /* CollectionViewAdapter.swift */; };
		E4709B3F2BD17B3800130551 /* NewsCellModel.swift in Sources */ = {isa = PBXBuildFile; fileRef = E4709B3E2BD17B3800130551 /* NewsCellModel.swift */; };
		E4709B422BD1A79A00130551 /* MainCollectionViewCell.swift in Sources */ = {isa = PBXBuildFile; fileRef = E4709B412BD1A79A00130551 /* MainCollectionViewCell.swift */; };
		E4709B442BD1ABAD00130551 /* NerworkError.swift in Sources */ = {isa = PBXBuildFile; fileRef = E4709B432BD1ABAD00130551 /* NerworkError.swift */; };
		E4709B472BD1ABC300130551 /* NetworkService.swift in Sources */ = {isa = PBXBuildFile; fileRef = E4709B462BD1ABC300130551 /* NetworkService.swift */; };
		E4709B4C2BD1AD3F00130551 /* NewsModel.swift in Sources */ = {isa = PBXBuildFile; fileRef = E4709B4B2BD1AD3F00130551 /* NewsModel.swift */; };
		E4709B4E2BD3039500130551 /* Section.swift in Sources */ = {isa = PBXBuildFile; fileRef = E4709B4D2BD3039500130551 /* Section.swift */; };
		E4709B502BD30BCE00130551 /* SectionData.swift in Sources */ = {isa = PBXBuildFile; fileRef = E4709B4F2BD30BCE00130551 /* SectionData.swift */; };
		E4709B532BD40C7A00130551 /* SectionHeader.swift in Sources */ = {isa = PBXBuildFile; fileRef = E4709B522BD40C7A00130551 /* SectionHeader.swift */; };
/* End PBXBuildFile section */

/* Begin PBXFileReference section */
		E4709B192BD1780900130551 /* NewsAppGora.app */ = {isa = PBXFileReference; explicitFileType = wrapper.application; includeInIndex = 0; path = NewsAppGora.app; sourceTree = BUILT_PRODUCTS_DIR; };
		E4709B1C2BD1780900130551 /* AppDelegate.swift */ = {isa = PBXFileReference; lastKnownFileType = sourcecode.swift; path = AppDelegate.swift; sourceTree = "<group>"; };
		E4709B202BD1780900130551 /* MainViewController.swift */ = {isa = PBXFileReference; lastKnownFileType = sourcecode.swift; path = MainViewController.swift; sourceTree = "<group>"; };
		E4709B252BD1780B00130551 /* Assets.xcassets */ = {isa = PBXFileReference; lastKnownFileType = folder.assetcatalog; path = Assets.xcassets; sourceTree = "<group>"; };
		E4709B282BD1780B00130551 /* Base */ = {isa = PBXFileReference; lastKnownFileType = file.storyboard; name = Base; path = Base.lproj/LaunchScreen.storyboard; sourceTree = "<group>"; };
		E4709B2A2BD1780B00130551 /* Info.plist */ = {isa = PBXFileReference; lastKnownFileType = text.plist.xml; path = Info.plist; sourceTree = "<group>"; };
		E4709B332BD1786E00130551 /* AppCoordinator.swift */ = {isa = PBXFileReference; lastKnownFileType = sourcecode.swift; path = AppCoordinator.swift; sourceTree = "<group>"; };
		E4709B362BD1789900130551 /* CoordinatorProtocol.swift */ = {isa = PBXFileReference; lastKnownFileType = sourcecode.swift; path = CoordinatorProtocol.swift; sourceTree = "<group>"; };
		E4709B382BD178B000130551 /* MainViewModel.swift */ = {isa = PBXFileReference; lastKnownFileType = sourcecode.swift; path = MainViewModel.swift; sourceTree = "<group>"; };
		E4709B3B2BD1795700130551 /* CollectionViewAdapter.swift */ = {isa = PBXFileReference; lastKnownFileType = sourcecode.swift; path = CollectionViewAdapter.swift; sourceTree = "<group>"; };
		E4709B3E2BD17B3800130551 /* NewsCellModel.swift */ = {isa = PBXFileReference; lastKnownFileType = sourcecode.swift; path = NewsCellModel.swift; sourceTree = "<group>"; };
		E4709B412BD1A79A00130551 /* MainCollectionViewCell.swift */ = {isa = PBXFileReference; lastKnownFileType = sourcecode.swift; path = MainCollectionViewCell.swift; sourceTree = "<group>"; };
		E4709B432BD1ABAD00130551 /* NerworkError.swift */ = {isa = PBXFileReference; lastKnownFileType = sourcecode.swift; path = NerworkError.swift; sourceTree = "<group>"; };
		E4709B462BD1ABC300130551 /* NetworkService.swift */ = {isa = PBXFileReference; lastKnownFileType = sourcecode.swift; path = NetworkService.swift; sourceTree = "<group>"; };
		E4709B4B2BD1AD3F00130551 /* NewsModel.swift */ = {isa = PBXFileReference; lastKnownFileType = sourcecode.swift; path = NewsModel.swift; sourceTree = "<group>"; };
		E4709B4D2BD3039500130551 /* Section.swift */ = {isa = PBXFileReference; lastKnownFileType = sourcecode.swift; path = Section.swift; sourceTree = "<group>"; };
		E4709B4F2BD30BCE00130551 /* SectionData.swift */ = {isa = PBXFileReference; lastKnownFileType = sourcecode.swift; path = SectionData.swift; sourceTree = "<group>"; };
		E4709B522BD40C7A00130551 /* SectionHeader.swift */ = {isa = PBXFileReference; lastKnownFileType = sourcecode.swift; path = SectionHeader.swift; sourceTree = "<group>"; };
/* End PBXFileReference section */

/* Begin PBXFrameworksBuildPhase section */
		E4709B162BD1780900130551 /* Frameworks */ = {
			isa = PBXFrameworksBuildPhase;
			buildActionMask = 2147483647;
			files = (
			);
			runOnlyForDeploymentPostprocessing = 0;
		};
/* End PBXFrameworksBuildPhase section */

/* Begin PBXGroup section */
		E4709B102BD1780900130551 = {
			isa = PBXGroup;
			children = (
				E4709B1B2BD1780900130551 /* NewsAppGora */,
				E4709B1A2BD1780900130551 /* Products */,
			);
			sourceTree = "<group>";
		};
		E4709B1A2BD1780900130551 /* Products */ = {
			isa = PBXGroup;
			children = (
				E4709B192BD1780900130551 /* NewsAppGora.app */,
			);
			name = Products;
			sourceTree = "<group>";
		};
		E4709B1B2BD1780900130551 /* NewsAppGora */ = {
			isa = PBXGroup;
			children = (
				E4709B322BD1785300130551 /* Application */,
				E4709B352BD1788900130551 /* Coordinator */,
				E4709B3A2BD178CD00130551 /* ViewModel */,
				E4709B312BD1784E00130551 /* Views */,
				E4709B4A2BD1AD0E00130551 /* Models */,
				E4709B402BD1A72300130551 /* Model */,
				E4709B452BD1ABB100130551 /* Network */,
				E4709B302BD1783300130551 /* SupportingFilles */,
			);
			path = NewsAppGora;
			sourceTree = "<group>";
		};
		E4709B302BD1783300130551 /* SupportingFilles */ = {
			isa = PBXGroup;
			children = (
				E4709B252BD1780B00130551 /* Assets.xcassets */,
				E4709B272BD1780B00130551 /* LaunchScreen.storyboard */,
				E4709B2A2BD1780B00130551 /* Info.plist */,
			);
			path = SupportingFilles;
			sourceTree = "<group>";
		};
		E4709B312BD1784E00130551 /* Views */ = {
			isa = PBXGroup;
			children = (
				E4709B202BD1780900130551 /* MainViewController.swift */,
				E4709B3D2BD1795A00130551 /* Adapter */,
			);
			path = Views;
			sourceTree = "<group>";
		};
		E4709B322BD1785300130551 /* Application */ = {
			isa = PBXGroup;
			children = (
				E4709B1C2BD1780900130551 /* AppDelegate.swift */,
			);
			path = Application;
			sourceTree = "<group>";
		};
		E4709B352BD1788900130551 /* Coordinator */ = {
			isa = PBXGroup;
			children = (
				E4709B332BD1786E00130551 /* AppCoordinator.swift */,
				E4709B362BD1789900130551 /* CoordinatorProtocol.swift */,
			);
			name = Coordinator;
			sourceTree = "<group>";
		};
		E4709B3A2BD178CD00130551 /* ViewModel */ = {
			isa = PBXGroup;
			children = (
				E4709B382BD178B000130551 /* MainViewModel.swift */,
			);
			path = ViewModel;
			sourceTree = "<group>";
		};
		E4709B3D2BD1795A00130551 /* Adapter */ = {
			isa = PBXGroup;
			children = (
				E4709B3B2BD1795700130551 /* CollectionViewAdapter.swift */,
				E4709B512BD3FC2B00130551 /* ViewCells */,
				E4709B542BD44F8F00130551 /* Section */,
			);
			path = Adapter;
			sourceTree = "<group>";
		};
		E4709B402BD1A72300130551 /* Model */ = {
			isa = PBXGroup;
			children = (
				E4709B3E2BD17B3800130551 /* NewsCellModel.swift */,
			);
			path = Model;
			sourceTree = "<group>";
		};
		E4709B452BD1ABB100130551 /* Network */ = {
			isa = PBXGroup;
			children = (
				E4709B462BD1ABC300130551 /* NetworkService.swift */,
				E4709B432BD1ABAD00130551 /* NerworkError.swift */,
			);
			path = Network;
			sourceTree = "<group>";
		};
		E4709B4A2BD1AD0E00130551 /* Models */ = {
			isa = PBXGroup;
			children = (
				E4709B4B2BD1AD3F00130551 /* NewsModel.swift */,
			);
			path = Models;
			sourceTree = "<group>";
		};
		E4709B512BD3FC2B00130551 /* ViewCells */ = {
			isa = PBXGroup;
			children = (
				E4709B412BD1A79A00130551 /* MainCollectionViewCell.swift */,
			);
			path = ViewCells;
			sourceTree = "<group>";
		};
		E4709B542BD44F8F00130551 /* Section */ = {
			isa = PBXGroup;
			children = (
				E4709B4D2BD3039500130551 /* Section.swift */,
				E4709B4F2BD30BCE00130551 /* SectionData.swift */,
				E4709B522BD40C7A00130551 /* SectionHeader.swift */,
			);
			path = Section;
			sourceTree = "<group>";
		};
/* End PBXGroup section */

/* Begin PBXNativeTarget section */
		E4709B182BD1780900130551 /* NewsAppGora */ = {
			isa = PBXNativeTarget;
			buildConfigurationList = E4709B2D2BD1780B00130551 /* Build configuration list for PBXNativeTarget "NewsAppGora" */;
			buildPhases = (
				E4709B152BD1780900130551 /* Sources */,
				E4709B162BD1780900130551 /* Frameworks */,
				E4709B172BD1780900130551 /* Resources */,
			);
			buildRules = (
			);
			dependencies = (
			);
			name = NewsAppGora;
			productName = NewsAppGora;
			productReference = E4709B192BD1780900130551 /* NewsAppGora.app */;
			productType = "com.apple.product-type.application";
		};
/* End PBXNativeTarget section */

/* Begin PBXProject section */
		E4709B112BD1780900130551 /* Project object */ = {
			isa = PBXProject;
			attributes = {
				BuildIndependentTargetsInParallel = 1;
				LastSwiftUpdateCheck = 1500;
				LastUpgradeCheck = 1500;
				TargetAttributes = {
					E4709B182BD1780900130551 = {
						CreatedOnToolsVersion = 15.0;
					};
				};
			};
			buildConfigurationList = E4709B142BD1780900130551 /* Build configuration list for PBXProject "NewsAppGora" */;
			compatibilityVersion = "Xcode 14.0";
			developmentRegion = en;
			hasScannedForEncodings = 0;
			knownRegions = (
				en,
				Base,
			);
			mainGroup = E4709B102BD1780900130551;
			productRefGroup = E4709B1A2BD1780900130551 /* Products */;
			projectDirPath = "";
			projectRoot = "";
			targets = (
				E4709B182BD1780900130551 /* NewsAppGora */,
			);
		};
/* End PBXProject section */

/* Begin PBXResourcesBuildPhase section */
		E4709B172BD1780900130551 /* Resources */ = {
			isa = PBXResourcesBuildPhase;
			buildActionMask = 2147483647;
			files = (
				E4709B292BD1780B00130551 /* LaunchScreen.storyboard in Resources */,
				E4709B262BD1780B00130551 /* Assets.xcassets in Resources */,
			);
			runOnlyForDeploymentPostprocessing = 0;
		};
/* End PBXResourcesBuildPhase section */

/* Begin PBXSourcesBuildPhase section */
		E4709B152BD1780900130551 /* Sources */ = {
			isa = PBXSourcesBuildPhase;
			buildActionMask = 2147483647;
			files = (
				E4709B472BD1ABC300130551 /* NetworkService.swift in Sources */,
				E4709B3C2BD1795700130551 /* CollectionViewAdapter.swift in Sources */,
				E4709B4E2BD3039500130551 /* Section.swift in Sources */,
				E4709B392BD178B000130551 /* MainViewModel.swift in Sources */,
				E4709B342BD1786E00130551 /* AppCoordinator.swift in Sources */,
				E4709B422BD1A79A00130551 /* MainCollectionViewCell.swift in Sources */,
				E4709B212BD1780900130551 /* MainViewController.swift in Sources */,
				E4709B4C2BD1AD3F00130551 /* NewsModel.swift in Sources */,
				E4709B372BD1789900130551 /* CoordinatorProtocol.swift in Sources */,
				E4709B1D2BD1780900130551 /* AppDelegate.swift in Sources */,
				E4709B532BD40C7A00130551 /* SectionHeader.swift in Sources */,
				E4709B3F2BD17B3800130551 /* NewsCellModel.swift in Sources */,
				E4709B442BD1ABAD00130551 /* NerworkError.swift in Sources */,
				E4709B502BD30BCE00130551 /* SectionData.swift in Sources */,
			);
			runOnlyForDeploymentPostprocessing = 0;
		};
/* End PBXSourcesBuildPhase section */

/* Begin PBXVariantGroup section */
		E4709B272BD1780B00130551 /* LaunchScreen.storyboard */ = {
			isa = PBXVariantGroup;
			children = (
				E4709B282BD1780B00130551 /* Base */,
			);
			name = LaunchScreen.storyboard;
			sourceTree = "<group>";
		};
/* End PBXVariantGroup section */

/* Begin XCBuildConfiguration section */
		E4709B2B2BD1780B00130551 /* Debug */ = {
			isa = XCBuildConfiguration;
			buildSettings = {
				ALWAYS_SEARCH_USER_PATHS = NO;
				ASSETCATALOG_COMPILER_GENERATE_SWIFT_ASSET_SYMBOL_EXTENSIONS = YES;
				CLANG_ANALYZER_NONNULL = YES;
				CLANG_ANALYZER_NUMBER_OBJECT_CONVERSION = YES_AGGRESSIVE;
				CLANG_CXX_LANGUAGE_STANDARD = "gnu++20";
				CLANG_ENABLE_MODULES = YES;
				CLANG_ENABLE_OBJC_ARC = YES;
				CLANG_ENABLE_OBJC_WEAK = YES;
				CLANG_WARN_BLOCK_CAPTURE_AUTORELEASING = YES;
				CLANG_WARN_BOOL_CONVERSION = YES;
				CLANG_WARN_COMMA = YES;
				CLANG_WARN_CONSTANT_CONVERSION = YES;
				CLANG_WARN_DEPRECATED_OBJC_IMPLEMENTATIONS = YES;
				CLANG_WARN_DIRECT_OBJC_ISA_USAGE = YES_ERROR;
				CLANG_WARN_DOCUMENTATION_COMMENTS = YES;
				CLANG_WARN_EMPTY_BODY = YES;
				CLANG_WARN_ENUM_CONVERSION = YES;
				CLANG_WARN_INFINITE_RECURSION = YES;
				CLANG_WARN_INT_CONVERSION = YES;
				CLANG_WARN_NON_LITERAL_NULL_CONVERSION = YES;
				CLANG_WARN_OBJC_IMPLICIT_RETAIN_SELF = YES;
				CLANG_WARN_OBJC_LITERAL_CONVERSION = YES;
				CLANG_WARN_OBJC_ROOT_CLASS = YES_ERROR;
				CLANG_WARN_QUOTED_INCLUDE_IN_FRAMEWORK_HEADER = YES;
				CLANG_WARN_RANGE_LOOP_ANALYSIS = YES;
				CLANG_WARN_STRICT_PROTOTYPES = YES;
				CLANG_WARN_SUSPICIOUS_MOVE = YES;
				CLANG_WARN_UNGUARDED_AVAILABILITY = YES_AGGRESSIVE;
				CLANG_WARN_UNREACHABLE_CODE = YES;
				CLANG_WARN__DUPLICATE_METHOD_MATCH = YES;
				COPY_PHASE_STRIP = NO;
				DEBUG_INFORMATION_FORMAT = dwarf;
				ENABLE_STRICT_OBJC_MSGSEND = YES;
				ENABLE_TESTABILITY = YES;
				ENABLE_USER_SCRIPT_SANDBOXING = YES;
				GCC_C_LANGUAGE_STANDARD = gnu17;
				GCC_DYNAMIC_NO_PIC = NO;
				GCC_NO_COMMON_BLOCKS = YES;
				GCC_OPTIMIZATION_LEVEL = 0;
				GCC_PREPROCESSOR_DEFINITIONS = (
					"DEBUG=1",
					"$(inherited)",
				);
				GCC_WARN_64_TO_32_BIT_CONVERSION = YES;
				GCC_WARN_ABOUT_RETURN_TYPE = YES_ERROR;
				GCC_WARN_UNDECLARED_SELECTOR = YES;
				GCC_WARN_UNINITIALIZED_AUTOS = YES_AGGRESSIVE;
				GCC_WARN_UNUSED_FUNCTION = YES;
				GCC_WARN_UNUSED_VARIABLE = YES;
				IPHONEOS_DEPLOYMENT_TARGET = 17.0;
				LOCALIZATION_PREFERS_STRING_CATALOGS = YES;
				MTL_ENABLE_DEBUG_INFO = INCLUDE_SOURCE;
				MTL_FAST_MATH = YES;
				ONLY_ACTIVE_ARCH = YES;
				SDKROOT = iphoneos;
				SWIFT_ACTIVE_COMPILATION_CONDITIONS = "DEBUG $(inherited)";
				SWIFT_OPTIMIZATION_LEVEL = "-Onone";
			};
			name = Debug;
		};
		E4709B2C2BD1780B00130551 /* Release */ = {
			isa = XCBuildConfiguration;
			buildSettings = {
				ALWAYS_SEARCH_USER_PATHS = NO;
				ASSETCATALOG_COMPILER_GENERATE_SWIFT_ASSET_SYMBOL_EXTENSIONS = YES;
				CLANG_ANALYZER_NONNULL = YES;
				CLANG_ANALYZER_NUMBER_OBJECT_CONVERSION = YES_AGGRESSIVE;
				CLANG_CXX_LANGUAGE_STANDARD = "gnu++20";
				CLANG_ENABLE_MODULES = YES;
				CLANG_ENABLE_OBJC_ARC = YES;
				CLANG_ENABLE_OBJC_WEAK = YES;
				CLANG_WARN_BLOCK_CAPTURE_AUTORELEASING = YES;
				CLANG_WARN_BOOL_CONVERSION = YES;
				CLANG_WARN_COMMA = YES;
				CLANG_WARN_CONSTANT_CONVERSION = YES;
				CLANG_WARN_DEPRECATED_OBJC_IMPLEMENTATIONS = YES;
				CLANG_WARN_DIRECT_OBJC_ISA_USAGE = YES_ERROR;
				CLANG_WARN_DOCUMENTATION_COMMENTS = YES;
				CLANG_WARN_EMPTY_BODY = YES;
				CLANG_WARN_ENUM_CONVERSION = YES;
				CLANG_WARN_INFINITE_RECURSION = YES;
				CLANG_WARN_INT_CONVERSION = YES;
				CLANG_WARN_NON_LITERAL_NULL_CONVERSION = YES;
				CLANG_WARN_OBJC_IMPLICIT_RETAIN_SELF = YES;
				CLANG_WARN_OBJC_LITERAL_CONVERSION = YES;
				CLANG_WARN_OBJC_ROOT_CLASS = YES_ERROR;
				CLANG_WARN_QUOTED_INCLUDE_IN_FRAMEWORK_HEADER = YES;
				CLANG_WARN_RANGE_LOOP_ANALYSIS = YES;
				CLANG_WARN_STRICT_PROTOTYPES = YES;
				CLANG_WARN_SUSPICIOUS_MOVE = YES;
				CLANG_WARN_UNGUARDED_AVAILABILITY = YES_AGGRESSIVE;
				CLANG_WARN_UNREACHABLE_CODE = YES;
				CLANG_WARN__DUPLICATE_METHOD_MATCH = YES;
				COPY_PHASE_STRIP = NO;
				DEBUG_INFORMATION_FORMAT = "dwarf-with-dsym";
				ENABLE_NS_ASSERTIONS = NO;
				ENABLE_STRICT_OBJC_MSGSEND = YES;
				ENABLE_USER_SCRIPT_SANDBOXING = YES;
				GCC_C_LANGUAGE_STANDARD = gnu17;
				GCC_NO_COMMON_BLOCKS = YES;
				GCC_WARN_64_TO_32_BIT_CONVERSION = YES;
				GCC_WARN_ABOUT_RETURN_TYPE = YES_ERROR;
				GCC_WARN_UNDECLARED_SELECTOR = YES;
				GCC_WARN_UNINITIALIZED_AUTOS = YES_AGGRESSIVE;
				GCC_WARN_UNUSED_FUNCTION = YES;
				GCC_WARN_UNUSED_VARIABLE = YES;
				IPHONEOS_DEPLOYMENT_TARGET = 17.0;
				LOCALIZATION_PREFERS_STRING_CATALOGS = YES;
				MTL_ENABLE_DEBUG_INFO = NO;
				MTL_FAST_MATH = YES;
				SDKROOT = iphoneos;
				SWIFT_COMPILATION_MODE = wholemodule;
				VALIDATE_PRODUCT = YES;
			};
			name = Release;
		};
		E4709B2E2BD1780B00130551 /* Debug */ = {
			isa = XCBuildConfiguration;
			buildSettings = {
				ASSETCATALOG_COMPILER_APPICON_NAME = AppIcon;
				ASSETCATALOG_COMPILER_GLOBAL_ACCENT_COLOR_NAME = AccentColor;
				CODE_SIGN_STYLE = Automatic;
				CURRENT_PROJECT_VERSION = 1;
				DEVELOPMENT_TEAM = 38T9RQ5V9X;
				GENERATE_INFOPLIST_FILE = YES;
				INFOPLIST_FILE = NewsAppGora/SupportingFilles/Info.plist;
				INFOPLIST_KEY_UIApplicationSupportsIndirectInputEvents = YES;
				INFOPLIST_KEY_UILaunchStoryboardName = LaunchScreen;
				INFOPLIST_KEY_UISupportedInterfaceOrientations_iPad = "UIInterfaceOrientationPortrait UIInterfaceOrientationPortraitUpsideDown UIInterfaceOrientationLandscapeLeft UIInterfaceOrientationLandscapeRight";
				INFOPLIST_KEY_UISupportedInterfaceOrientations_iPhone = "UIInterfaceOrientationPortrait UIInterfaceOrientationLandscapeLeft UIInterfaceOrientationLandscapeRight";
				LD_RUNPATH_SEARCH_PATHS = (
					"$(inherited)",
					"@executable_path/Frameworks",
				);
				MARKETING_VERSION = 1.0;
				PRODUCT_BUNDLE_IDENTIFIER = donailo456.NewsAppGora;
				PRODUCT_NAME = "$(TARGET_NAME)";
				SWIFT_EMIT_LOC_STRINGS = YES;
				SWIFT_VERSION = 5.0;
				TARGETED_DEVICE_FAMILY = "1,2";
			};
			name = Debug;
		};
		E4709B2F2BD1780B00130551 /* Release */ = {
			isa = XCBuildConfiguration;
			buildSettings = {
				ASSETCATALOG_COMPILER_APPICON_NAME = AppIcon;
				ASSETCATALOG_COMPILER_GLOBAL_ACCENT_COLOR_NAME = AccentColor;
				CODE_SIGN_STYLE = Automatic;
				CURRENT_PROJECT_VERSION = 1;
				DEVELOPMENT_TEAM = 38T9RQ5V9X;
				GENERATE_INFOPLIST_FILE = YES;
				INFOPLIST_FILE = NewsAppGora/SupportingFilles/Info.plist;
				INFOPLIST_KEY_UIApplicationSupportsIndirectInputEvents = YES;
				INFOPLIST_KEY_UILaunchStoryboardName = LaunchScreen;
				INFOPLIST_KEY_UISupportedInterfaceOrientations_iPad = "UIInterfaceOrientationPortrait UIInterfaceOrientationPortraitUpsideDown UIInterfaceOrientationLandscapeLeft UIInterfaceOrientationLandscapeRight";
				INFOPLIST_KEY_UISupportedInterfaceOrientations_iPhone = "UIInterfaceOrientationPortrait UIInterfaceOrientationLandscapeLeft UIInterfaceOrientationLandscapeRight";
				LD_RUNPATH_SEARCH_PATHS = (
					"$(inherited)",
					"@executable_path/Frameworks",
				);
				MARKETING_VERSION = 1.0;
				PRODUCT_BUNDLE_IDENTIFIER = donailo456.NewsAppGora;
				PRODUCT_NAME = "$(TARGET_NAME)";
				SWIFT_EMIT_LOC_STRINGS = YES;
				SWIFT_VERSION = 5.0;
				TARGETED_DEVICE_FAMILY = "1,2";
			};
			name = Release;
		};
/* End XCBuildConfiguration section */

/* Begin XCConfigurationList section */
		E4709B142BD1780900130551 /* Build configuration list for PBXProject "NewsAppGora" */ = {
			isa = XCConfigurationList;
			buildConfigurations = (
				E4709B2B2BD1780B00130551 /* Debug */,
				E4709B2C2BD1780B00130551 /* Release */,
			);
			defaultConfigurationIsVisible = 0;
			defaultConfigurationName = Release;
		};
		E4709B2D2BD1780B00130551 /* Build configuration list for PBXNativeTarget "NewsAppGora" */ = {
			isa = XCConfigurationList;
			buildConfigurations = (
				E4709B2E2BD1780B00130551 /* Debug */,
				E4709B2F2BD1780B00130551 /* Release */,
			);
			defaultConfigurationIsVisible = 0;
			defaultConfigurationName = Release;
		};
/* End XCConfigurationList section */
	};
	rootObject = E4709B112BD1780900130551 /* Project object */;
}
